// !$*UTF8*$!
{
	archiveVersion = 1;
	classes = {
	};
	objectVersion = 56;
	objects = {

/* Begin PBXCopyFilesBuildPhase section */
		6C2E88772ADEB2B200E0E4C8 /* CopyFiles */ = {
			isa = PBXCopyFilesBuildPhase;
			buildActionMask = 2147483647;
			dstPath = /usr/share/man/man1/;
			dstSubfolderSpec = 0;
			files = (
			);
			runOnlyForDeploymentPostprocessing = 1;
		};
/* End PBXCopyFilesBuildPhase section */

/* Begin PBXFileReference section */
		6C2E88792ADEB2B200E0E4C8 /* Practice */ = {isa = PBXFileReference; explicitFileType = "compiled.mach-o.executable"; includeInIndex = 0; path = Practice; sourceTree = BUILT_PRODUCTS_DIR; };
		6C2E88892ADEB36500E0E4C8 /* age.swift */ = {isa = PBXFileReference; lastKnownFileType = sourcecode.swift; path = age.swift; sourceTree = "<group>"; };
		6C2E888B2ADEB40500E0E4C8 /* minus.swift */ = {isa = PBXFileReference; fileEncoding = 4; lastKnownFileType = sourcecode.swift; path = minus.swift; sourceTree = "<group>"; };
		6C2E888C2ADEB40500E0E4C8 /* multiplication.swift */ = {isa = PBXFileReference; fileEncoding = 4; lastKnownFileType = sourcecode.swift; path = multiplication.swift; sourceTree = "<group>"; };
		6C2E888D2ADEB40500E0E4C8 /* quotient.swift */ = {isa = PBXFileReference; fileEncoding = 4; lastKnownFileType = sourcecode.swift; path = quotient.swift; sourceTree = "<group>"; };
		6C2E88912ADFB4B400E0E4C8 /* compare.swift */ = {isa = PBXFileReference; lastKnownFileType = sourcecode.swift; path = compare.swift; sourceTree = "<group>"; };
		6C2E88932ADFB9D900E0E4C8 /* plus.swift */ = {isa = PBXFileReference; lastKnownFileType = sourcecode.swift; path = plus.swift; sourceTree = "<group>"; };
		6C2E88952ADFBB8300E0E4C8 /* division.swift */ = {isa = PBXFileReference; lastKnownFileType = sourcecode.swift; path = division.swift; sourceTree = "<group>"; };
		6C2E88972ADFC11200E0E4C8 /* angle.swift */ = {isa = PBXFileReference; lastKnownFileType = sourcecode.swift; path = angle.swift; sourceTree = "<group>"; };
		6C2E88992ADFC38F00E0E4C8 /* plusEven.swift */ = {isa = PBXFileReference; lastKnownFileType = sourcecode.swift; path = plusEven.swift; sourceTree = "<group>"; };
		6C2E889B2ADFC9B700E0E4C8 /* arrayAverage.swift */ = {isa = PBXFileReference; lastKnownFileType = sourcecode.swift; path = arrayAverage.swift; sourceTree = "<group>"; };
		6C2E889D2ADFD50800E0E4C8 /* oddEven.swift */ = {isa = PBXFileReference; lastKnownFileType = sourcecode.swift; path = oddEven.swift; sourceTree = "<group>"; };
		6C8164782ADFF6110054ACE5 /* arrAver.swift */ = {isa = PBXFileReference; lastKnownFileType = sourcecode.swift; path = arrAver.swift; sourceTree = "<group>"; };
		6C81647A2ADFFC9E0054ACE5 /* deco.swift */ = {isa = PBXFileReference; lastKnownFileType = sourcecode.swift; path = deco.swift; sourceTree = "<group>"; };
		6C81647C2AE141EB0054ACE5 /* divisor.swift */ = {isa = PBXFileReference; lastKnownFileType = sourcecode.swift; path = divisor.swift; sourceTree = "<group>"; };
		6C81647E2AE151B10054ACE5 /* remainder.swift */ = {isa = PBXFileReference; lastKnownFileType = sourcecode.swift; path = remainder.swift; sourceTree = "<group>"; };
/* End PBXFileReference section */

/* Begin PBXFrameworksBuildPhase section */
		6C2E88762ADEB2B200E0E4C8 /* Frameworks */ = {
			isa = PBXFrameworksBuildPhase;
			buildActionMask = 2147483647;
			files = (
			);
			runOnlyForDeploymentPostprocessing = 0;
		};
/* End PBXFrameworksBuildPhase section */

/* Begin PBXGroup section */
		6C2E88702ADEB2B200E0E4C8 = {
			isa = PBXGroup;
			children = (
				6C2E887B2ADEB2B200E0E4C8 /* Practice */,
				6C2E887A2ADEB2B200E0E4C8 /* Products */,
			);
			sourceTree = "<group>";
		};
		6C2E887A2ADEB2B200E0E4C8 /* Products */ = {
			isa = PBXGroup;
			children = (
				6C2E88792ADEB2B200E0E4C8 /* Practice */,
			);
			name = Products;
			sourceTree = "<group>";
		};
		6C2E887B2ADEB2B200E0E4C8 /* Practice */ = {
			isa = PBXGroup;
			children = (
				6C2E88892ADEB36500E0E4C8 /* age.swift */,
				6C2E888B2ADEB40500E0E4C8 /* minus.swift */,
				6C2E888C2ADEB40500E0E4C8 /* multiplication.swift */,
				6C2E888D2ADEB40500E0E4C8 /* quotient.swift */,
				6C2E88912ADFB4B400E0E4C8 /* compare.swift */,
				6C2E88932ADFB9D900E0E4C8 /* plus.swift */,
				6C2E88952ADFBB8300E0E4C8 /* division.swift */,
				6C2E88972ADFC11200E0E4C8 /* angle.swift */,
				6C2E88992ADFC38F00E0E4C8 /* plusEven.swift */,
				6C2E889B2ADFC9B700E0E4C8 /* arrayAverage.swift */,
				6C2E889D2ADFD50800E0E4C8 /* oddEven.swift */,
				6C8164782ADFF6110054ACE5 /* arrAver.swift */,
				6C81647A2ADFFC9E0054ACE5 /* deco.swift */,
				6C81647C2AE141EB0054ACE5 /* divisor.swift */,
				6C81647E2AE151B10054ACE5 /* remainder.swift */,
			);
			path = Practice;
			sourceTree = "<group>";
		};
/* End PBXGroup section */

/* Begin PBXNativeTarget section */
		6C2E88782ADEB2B200E0E4C8 /* Practice */ = {
			isa = PBXNativeTarget;
			buildConfigurationList = 6C2E88802ADEB2B200E0E4C8 /* Build configuration list for PBXNativeTarget "Practice" */;
			buildPhases = (
				6C2E88752ADEB2B200E0E4C8 /* Sources */,
				6C2E88762ADEB2B200E0E4C8 /* Frameworks */,
				6C2E88772ADEB2B200E0E4C8 /* CopyFiles */,
			);
			buildRules = (
			);
			dependencies = (
			);
			name = Practice;
			productName = Practice;
			productReference = 6C2E88792ADEB2B200E0E4C8 /* Practice */;
			productType = "com.apple.product-type.tool";
		};
/* End PBXNativeTarget section */

/* Begin PBXProject section */
		6C2E88712ADEB2B200E0E4C8 /* Project object */ = {
			isa = PBXProject;
			attributes = {
				BuildIndependentTargetsInParallel = 1;
				LastSwiftUpdateCheck = 1500;
				LastUpgradeCheck = 1500;
				TargetAttributes = {
					6C2E88782ADEB2B200E0E4C8 = {
						CreatedOnToolsVersion = 15.0;
						LastSwiftMigration = 1500;
					};
				};
			};
			buildConfigurationList = 6C2E88742ADEB2B200E0E4C8 /* Build configuration list for PBXProject "Practice" */;
			compatibilityVersion = "Xcode 14.0";
			developmentRegion = en;
			hasScannedForEncodings = 0;
			knownRegions = (
				en,
				Base,
			);
			mainGroup = 6C2E88702ADEB2B200E0E4C8;
			productRefGroup = 6C2E887A2ADEB2B200E0E4C8 /* Products */;
			projectDirPath = "";
			projectRoot = "";
			targets = (
				6C2E88782ADEB2B200E0E4C8 /* Practice */,
			);
		};
/* End PBXProject section */

/* Begin PBXSourcesBuildPhase section */
		6C2E88752ADEB2B200E0E4C8 /* Sources */ = {
			isa = PBXSourcesBuildPhase;
			buildActionMask = 2147483647;
			files = (
			);
			runOnlyForDeploymentPostprocessing = 0;
		};
/* End PBXSourcesBuildPhase section */

/* Begin XCBuildConfiguration section */
		6C2E887E2ADEB2B200E0E4C8 /* Debug */ = {
			isa = XCBuildConfiguration;
			buildSettings = {
				ALWAYS_SEARCH_USER_PATHS = NO;
				ASSETCATALOG_COMPILER_GENERATE_SWIFT_ASSET_SYMBOL_EXTENSIONS = YES;
				CLANG_ANALYZER_NONNULL = YES;
				CLANG_ANALYZER_NUMBER_OBJECT_CONVERSION = YES_AGGRESSIVE;
				CLANG_CXX_LANGUAGE_STANDARD = "gnu++20";
				CLANG_ENABLE_MODULES = YES;
				CLANG_ENABLE_OBJC_ARC = YES;
				CLANG_ENABLE_OBJC_WEAK = YES;
				CLANG_WARN_BLOCK_CAPTURE_AUTORELEASING = YES;
				CLANG_WARN_BOOL_CONVERSION = YES;
				CLANG_WARN_COMMA = YES;
				CLANG_WARN_CONSTANT_CONVERSION = YES;
				CLANG_WARN_DEPRECATED_OBJC_IMPLEMENTATIONS = YES;
				CLANG_WARN_DIRECT_OBJC_ISA_USAGE = YES_ERROR;
				CLANG_WARN_DOCUMENTATION_COMMENTS = YES;
				CLANG_WARN_EMPTY_BODY = YES;
				CLANG_WARN_ENUM_CONVERSION = YES;
				CLANG_WARN_INFINITE_RECURSION = YES;
				CLANG_WARN_INT_CONVERSION = YES;
				CLANG_WARN_NON_LITERAL_NULL_CONVERSION = YES;
				CLANG_WARN_OBJC_IMPLICIT_RETAIN_SELF = YES;
				CLANG_WARN_OBJC_LITERAL_CONVERSION = YES;
				CLANG_WARN_OBJC_ROOT_CLASS = YES_ERROR;
				CLANG_WARN_QUOTED_INCLUDE_IN_FRAMEWORK_HEADER = YES;
				CLANG_WARN_RANGE_LOOP_ANALYSIS = YES;
				CLANG_WARN_STRICT_PROTOTYPES = YES;
				CLANG_WARN_SUSPICIOUS_MOVE = YES;
				CLANG_WARN_UNGUARDED_AVAILABILITY = YES_AGGRESSIVE;
				CLANG_WARN_UNREACHABLE_CODE = YES;
				CLANG_WARN__DUPLICATE_METHOD_MATCH = YES;
				COPY_PHASE_STRIP = NO;
				DEBUG_INFORMATION_FORMAT = dwarf;
				ENABLE_STRICT_OBJC_MSGSEND = YES;
				ENABLE_TESTABILITY = YES;
				ENABLE_USER_SCRIPT_SANDBOXING = YES;
				GCC_C_LANGUAGE_STANDARD = gnu17;
				GCC_DYNAMIC_NO_PIC = NO;
				GCC_NO_COMMON_BLOCKS = YES;
				GCC_OPTIMIZATION_LEVEL = 0;
				GCC_PREPROCESSOR_DEFINITIONS = (
					"DEBUG=1",
					"$(inherited)",
				);
				GCC_WARN_64_TO_32_BIT_CONVERSION = YES;
				GCC_WARN_ABOUT_RETURN_TYPE = YES_ERROR;
				GCC_WARN_UNDECLARED_SELECTOR = YES;
				GCC_WARN_UNINITIALIZED_AUTOS = YES_AGGRESSIVE;
				GCC_WARN_UNUSED_FUNCTION = YES;
				GCC_WARN_UNUSED_VARIABLE = YES;
				LOCALIZATION_PREFERS_STRING_CATALOGS = YES;
				MACOSX_DEPLOYMENT_TARGET = 14.0;
				MTL_ENABLE_DEBUG_INFO = INCLUDE_SOURCE;
				MTL_FAST_MATH = YES;
				ONLY_ACTIVE_ARCH = YES;
				SDKROOT = macosx;
				SWIFT_ACTIVE_COMPILATION_CONDITIONS = "DEBUG $(inherited)";
				SWIFT_OPTIMIZATION_LEVEL = "-Onone";
			};
			name = Debug;
		};
		6C2E887F2ADEB2B200E0E4C8 /* Release */ = {
			isa = XCBuildConfiguration;
			buildSettings = {
				ALWAYS_SEARCH_USER_PATHS = NO;
				ASSETCATALOG_COMPILER_GENERATE_SWIFT_ASSET_SYMBOL_EXTENSIONS = YES;
				CLANG_ANALYZER_NONNULL = YES;
				CLANG_ANALYZER_NUMBER_OBJECT_CONVERSION = YES_AGGRESSIVE;
				CLANG_CXX_LANGUAGE_STANDARD = "gnu++20";
				CLANG_ENABLE_MODULES = YES;
				CLANG_ENABLE_OBJC_ARC = YES;
				CLANG_ENABLE_OBJC_WEAK = YES;
				CLANG_WARN_BLOCK_CAPTURE_AUTORELEASING = YES;
				CLANG_WARN_BOOL_CONVERSION = YES;
				CLANG_WARN_COMMA = YES;
				CLANG_WARN_CONSTANT_CONVERSION = YES;
				CLANG_WARN_DEPRECATED_OBJC_IMPLEMENTATIONS = YES;
				CLANG_WARN_DIRECT_OBJC_ISA_USAGE = YES_ERROR;
				CLANG_WARN_DOCUMENTATION_COMMENTS = YES;
				CLANG_WARN_EMPTY_BODY = YES;
				CLANG_WARN_ENUM_CONVERSION = YES;
				CLANG_WARN_INFINITE_RECURSION = YES;
				CLANG_WARN_INT_CONVERSION = YES;
				CLANG_WARN_NON_LITERAL_NULL_CONVERSION = YES;
				CLANG_WARN_OBJC_IMPLICIT_RETAIN_SELF = YES;
				CLANG_WARN_OBJC_LITERAL_CONVERSION = YES;
				CLANG_WARN_OBJC_ROOT_CLASS = YES_ERROR;
				CLANG_WARN_QUOTED_INCLUDE_IN_FRAMEWORK_HEADER = YES;
				CLANG_WARN_RANGE_LOOP_ANALYSIS = YES;
				CLANG_WARN_STRICT_PROTOTYPES = YES;
				CLANG_WARN_SUSPICIOUS_MOVE = YES;
				CLANG_WARN_UNGUARDED_AVAILABILITY = YES_AGGRESSIVE;
				CLANG_WARN_UNREACHABLE_CODE = YES;
				CLANG_WARN__DUPLICATE_METHOD_MATCH = YES;
				COPY_PHASE_STRIP = NO;
				DEBUG_INFORMATION_FORMAT = "dwarf-with-dsym";
				ENABLE_NS_ASSERTIONS = NO;
				ENABLE_STRICT_OBJC_MSGSEND = YES;
				ENABLE_USER_SCRIPT_SANDBOXING = YES;
				GCC_C_LANGUAGE_STANDARD = gnu17;
				GCC_NO_COMMON_BLOCKS = YES;
				GCC_WARN_64_TO_32_BIT_CONVERSION = YES;
				GCC_WARN_ABOUT_RETURN_TYPE = YES_ERROR;
				GCC_WARN_UNDECLARED_SELECTOR = YES;
				GCC_WARN_UNINITIALIZED_AUTOS = YES_AGGRESSIVE;
				GCC_WARN_UNUSED_FUNCTION = YES;
				GCC_WARN_UNUSED_VARIABLE = YES;
				LOCALIZATION_PREFERS_STRING_CATALOGS = YES;
				MACOSX_DEPLOYMENT_TARGET = 14.0;
				MTL_ENABLE_DEBUG_INFO = NO;
				MTL_FAST_MATH = YES;
				SDKROOT = macosx;
				SWIFT_COMPILATION_MODE = wholemodule;
			};
			name = Release;
		};
		6C2E88812ADEB2B200E0E4C8 /* Debug */ = {
			isa = XCBuildConfiguration;
			buildSettings = {
				CLANG_ENABLE_MODULES = YES;
				CODE_SIGN_STYLE = Automatic;
				PRODUCT_NAME = "$(TARGET_NAME)";
				SWIFT_OPTIMIZATION_LEVEL = "-Onone";
				SWIFT_VERSION = 5.0;
			};
			name = Debug;
		};
		6C2E88822ADEB2B200E0E4C8 /* Release */ = {
			isa = XCBuildConfiguration;
			buildSettings = {
				CLANG_ENABLE_MODULES = YES;
				CODE_SIGN_STYLE = Automatic;
				PRODUCT_NAME = "$(TARGET_NAME)";
				SWIFT_VERSION = 5.0;
			};
			name = Release;
		};
/* End XCBuildConfiguration section */

/* Begin XCConfigurationList section */
		6C2E88742ADEB2B200E0E4C8 /* Build configuration list for PBXProject "Practice" */ = {
			isa = XCConfigurationList;
			buildConfigurations = (
				6C2E887E2ADEB2B200E0E4C8 /* Debug */,
				6C2E887F2ADEB2B200E0E4C8 /* Release */,
			);
			defaultConfigurationIsVisible = 0;
			defaultConfigurationName = Release;
		};
		6C2E88802ADEB2B200E0E4C8 /* Build configuration list for PBXNativeTarget "Practice" */ = {
			isa = XCConfigurationList;
			buildConfigurations = (
				6C2E88812ADEB2B200E0E4C8 /* Debug */,
				6C2E88822ADEB2B200E0E4C8 /* Release */,
			);
			defaultConfigurationIsVisible = 0;
			defaultConfigurationName = Release;
		};
/* End XCConfigurationList section */
	};
	rootObject = 6C2E88712ADEB2B200E0E4C8 /* Project object */;
}
