// !$*UTF8*$!
{
	archiveVersion = 1;
	classes = {
	};
	objectVersion = 56;
	objects = {

/* Begin PBXBuildFile section */
		6C5A060B2B35B3BB00A82A2E /* main.swift in Sources */ = {isa = PBXBuildFile; fileRef = 6C5A060A2B35B3BB00A82A2E /* main.swift */; };
/* End PBXBuildFile section */

/* Begin PBXCopyFilesBuildPhase section */
		6C2E88772ADEB2B200E0E4C8 /* CopyFiles */ = {
			isa = PBXCopyFilesBuildPhase;
			buildActionMask = 2147483647;
			dstPath = /usr/share/man/man1/;
			dstSubfolderSpec = 0;
			files = (
			);
			runOnlyForDeploymentPostprocessing = 1;
		};
/* End PBXCopyFilesBuildPhase section */

/* Begin PBXFileReference section */
		6C0598A42B175DA9007FB653 /* 42_trio.swift */ = {isa = PBXFileReference; lastKnownFileType = sourcecode.swift; path = 42_trio.swift; sourceTree = "<group>"; };
		6C1795BB2AF8E0D50010449F /* 31_repetition.swift */ = {isa = PBXFileReference; lastKnownFileType = sourcecode.swift; path = 31_repetition.swift; sourceTree = "<group>"; };
		6C25DCF92B19914C0038137D /* 43_compare_otherNumber.swift */ = {isa = PBXFileReference; lastKnownFileType = sourcecode.swift; path = 43_compare_otherNumber.swift; sourceTree = "<group>"; };
		6C2E88792ADEB2B200E0E4C8 /* Practice */ = {isa = PBXFileReference; explicitFileType = "compiled.mach-o.executable"; includeInIndex = 0; path = Practice; sourceTree = BUILT_PRODUCTS_DIR; };
		6C2E88892ADEB36500E0E4C8 /* 4_age.swift */ = {isa = PBXFileReference; lastKnownFileType = sourcecode.swift; path = 4_age.swift; sourceTree = "<group>"; };
		6C2E888B2ADEB40500E0E4C8 /* 1_minus.swift */ = {isa = PBXFileReference; fileEncoding = 4; lastKnownFileType = sourcecode.swift; path = 1_minus.swift; sourceTree = "<group>"; };
		6C2E888C2ADEB40500E0E4C8 /* 2_multiplication.swift */ = {isa = PBXFileReference; fileEncoding = 4; lastKnownFileType = sourcecode.swift; path = 2_multiplication.swift; sourceTree = "<group>"; };
		6C2E888D2ADEB40500E0E4C8 /* 3_quotient.swift */ = {isa = PBXFileReference; fileEncoding = 4; lastKnownFileType = sourcecode.swift; path = 3_quotient.swift; sourceTree = "<group>"; };
		6C2E88912ADFB4B400E0E4C8 /* 5_compare.swift */ = {isa = PBXFileReference; lastKnownFileType = sourcecode.swift; path = 5_compare.swift; sourceTree = "<group>"; };
		6C2E88932ADFB9D900E0E4C8 /* 6_plus.swift */ = {isa = PBXFileReference; lastKnownFileType = sourcecode.swift; path = 6_plus.swift; sourceTree = "<group>"; };
		6C2E88952ADFBB8300E0E4C8 /* 7_division.swift */ = {isa = PBXFileReference; lastKnownFileType = sourcecode.swift; path = 7_division.swift; sourceTree = "<group>"; };
		6C2E88972ADFC11200E0E4C8 /* 8_angle.swift */ = {isa = PBXFileReference; lastKnownFileType = sourcecode.swift; path = 8_angle.swift; sourceTree = "<group>"; };
		6C2E88992ADFC38F00E0E4C8 /* 9_plusEven.swift */ = {isa = PBXFileReference; lastKnownFileType = sourcecode.swift; path = 9_plusEven.swift; sourceTree = "<group>"; };
		6C2E889B2ADFC9B700E0E4C8 /* 10_arrayAverage.swift */ = {isa = PBXFileReference; lastKnownFileType = sourcecode.swift; path = 10_arrayAverage.swift; sourceTree = "<group>"; };
		6C2E889D2ADFD50800E0E4C8 /* 11_oddEven.swift */ = {isa = PBXFileReference; lastKnownFileType = sourcecode.swift; path = 11_oddEven.swift; sourceTree = "<group>"; };
		6C3CB6572B2A802A00A27A43 /* 45_caesarCipher.swift */ = {isa = PBXFileReference; lastKnownFileType = sourcecode.swift; path = 45_caesarCipher.swift; sourceTree = "<group>"; };
		6C3CF6D92AFA505300FE4988 /* 32_inner product.swift */ = {isa = PBXFileReference; lastKnownFileType = sourcecode.swift; path = "32_inner product.swift"; sourceTree = "<group>"; };
		6C3CF6DB2AFBA32700FE4988 /* 33_divisorSum.swift */ = {isa = PBXFileReference; lastKnownFileType = sourcecode.swift; path = 33_divisorSum.swift; sourceTree = "<group>"; };
		6C3CF6DD2AFCF33200FE4988 /* 34_sortedString.swift */ = {isa = PBXFileReference; lastKnownFileType = sourcecode.swift; path = 34_sortedString.swift; sourceTree = "<group>"; };
		6C3CF6DF2AFCF52F00FE4988 /* 35_price.swift */ = {isa = PBXFileReference; lastKnownFileType = sourcecode.swift; path = 35_price.swift; sourceTree = "<group>"; };
		6C5A06082B34A72A00A82A2E /* 46_StringToInt.swift */ = {isa = PBXFileReference; lastKnownFileType = sourcecode.swift; path = 46_StringToInt.swift; sourceTree = "<group>"; };
		6C5A060A2B35B3BB00A82A2E /* main.swift */ = {isa = PBXFileReference; lastKnownFileType = sourcecode.swift; path = main.swift; sourceTree = "<group>"; };
		6C5F383E2B1504020028B793 /* 41_changeUpperCase.swift */ = {isa = PBXFileReference; lastKnownFileType = sourcecode.swift; path = 41_changeUpperCase.swift; sourceTree = "<group>"; };
		6C5F38402B1504690028B793 /* 40_changeBinary.swift */ = {isa = PBXFileReference; lastKnownFileType = sourcecode.swift; path = 40_changeBinary.swift; sourceTree = "<group>"; };
		6C722CCB2B0F5E3B008DB15B /* 39_CommonFactorMultiple.swift */ = {isa = PBXFileReference; lastKnownFileType = sourcecode.swift; path = 39_CommonFactorMultiple.swift; sourceTree = "<group>"; };
		6C7FC2042AEFCCF800BAF593 /* 24_findKim.swift */ = {isa = PBXFileReference; lastKnownFileType = sourcecode.swift; path = 24_findKim.swift; sourceTree = "<group>"; };
		6C7FC2062AEFCF3F00BAF593 /* 25_arrayDivisor.swift */ = {isa = PBXFileReference; lastKnownFileType = sourcecode.swift; path = 25_arrayDivisor.swift; sourceTree = "<group>"; };
		6C7FC2082AF25DA300BAF593 /* 26_sumArray.swift */ = {isa = PBXFileReference; lastKnownFileType = sourcecode.swift; path = 26_sumArray.swift; sourceTree = "<group>"; };
		6C7FC20A2AF262C500BAF593 /* 27_hideNumber.swift */ = {isa = PBXFileReference; lastKnownFileType = sourcecode.swift; path = 27_hideNumber.swift; sourceTree = "<group>"; };
		6C7FC20C2AF26D2100BAF593 /* 28_sumEmptyNumber.swift */ = {isa = PBXFileReference; lastKnownFileType = sourcecode.swift; path = 28_sumEmptyNumber.swift; sourceTree = "<group>"; };
		6C7FC20E2AF26FEB00BAF593 /* 29_removeLowNumber.swift */ = {isa = PBXFileReference; lastKnownFileType = sourcecode.swift; path = 29_removeLowNumber.swift; sourceTree = "<group>"; };
		6C7FC2102AF4F5FD00BAF593 /* 30_middleWord.swift */ = {isa = PBXFileReference; lastKnownFileType = sourcecode.swift; path = 30_middleWord.swift; sourceTree = "<group>"; };
		6C8164782ADFF6110054ACE5 /* 12_arrAver.swift */ = {isa = PBXFileReference; lastKnownFileType = sourcecode.swift; path = 12_arrAver.swift; sourceTree = "<group>"; };
		6C81647A2ADFFC9E0054ACE5 /* 13_deco.swift */ = {isa = PBXFileReference; lastKnownFileType = sourcecode.swift; path = 13_deco.swift; sourceTree = "<group>"; };
		6C81647C2AE141EB0054ACE5 /* 14_divisor.swift */ = {isa = PBXFileReference; lastKnownFileType = sourcecode.swift; path = 14_divisor.swift; sourceTree = "<group>"; };
		6C81647E2AE151B10054ACE5 /* 15_remainder.swift */ = {isa = PBXFileReference; lastKnownFileType = sourcecode.swift; path = 15_remainder.swift; sourceTree = "<group>"; };
		6C8164802AE28C860054ACE5 /* 16_arithmeticProgression.swift */ = {isa = PBXFileReference; lastKnownFileType = sourcecode.swift; path = 16_arithmeticProgression.swift; sourceTree = "<group>"; };
		6C8164832AE294CA0054ACE5 /* 17_reverse.swift */ = {isa = PBXFileReference; lastKnownFileType = sourcecode.swift; path = 17_reverse.swift; sourceTree = "<group>"; };
		6C9B47A12B0B76070025C052 /* 36_isNumbers.swift */ = {isa = PBXFileReference; lastKnownFileType = sourcecode.swift; path = 36_isNumbers.swift; sourceTree = "<group>"; };
		6CC5F71E2B2A4C1600BF6730 /* 44_makeWallet.swift */ = {isa = PBXFileReference; lastKnownFileType = sourcecode.swift; path = 44_makeWallet.swift; sourceTree = "<group>"; };
		6CC799712B0E1DEF0065A751 /* 38_printRectangle.swift */ = {isa = PBXFileReference; lastKnownFileType = sourcecode.swift; path = 38_printRectangle.swift; sourceTree = "<group>"; };
		6CDFA47A2AE909AB0015EB4A /* 18_casting.swift */ = {isa = PBXFileReference; lastKnownFileType = sourcecode.swift; path = 18_casting.swift; sourceTree = "<group>"; };
		6CDFA47C2AE9358D0015EB4A /* 19_squareRoot.swift */ = {isa = PBXFileReference; lastKnownFileType = sourcecode.swift; path = 19_squareRoot.swift; sourceTree = "<group>"; };
		6CDFA47E2AE937C20015EB4A /* 20_descendingPowers.swift */ = {isa = PBXFileReference; lastKnownFileType = sourcecode.swift; path = 20_descendingPowers.swift; sourceTree = "<group>"; };
		6CDFA4802AEA565F0015EB4A /* 21_hashard.swift */ = {isa = PBXFileReference; lastKnownFileType = sourcecode.swift; path = 21_hashard.swift; sourceTree = "<group>"; };
		6CDFA4822AEA5A010015EB4A /* 22_sumAtoB.swift */ = {isa = PBXFileReference; lastKnownFileType = sourcecode.swift; path = 22_sumAtoB.swift; sourceTree = "<group>"; };
		6CDFA4842AEA5EC90015EB4A /* 23_collatz.swift */ = {isa = PBXFileReference; lastKnownFileType = sourcecode.swift; path = 23_collatz.swift; sourceTree = "<group>"; };
		6CF85C312B0CCED600D337A3 /* 37_sumMatrix.swift */ = {isa = PBXFileReference; lastKnownFileType = sourcecode.swift; path = 37_sumMatrix.swift; sourceTree = "<group>"; };
/* End PBXFileReference section */

/* Begin PBXFrameworksBuildPhase section */
		6C2E88762ADEB2B200E0E4C8 /* Frameworks */ = {
			isa = PBXFrameworksBuildPhase;
			buildActionMask = 2147483647;
			files = (
			);
			runOnlyForDeploymentPostprocessing = 0;
		};
/* End PBXFrameworksBuildPhase section */

/* Begin PBXGroup section */
		6C2E88702ADEB2B200E0E4C8 = {
			isa = PBXGroup;
			children = (
				6C2E887B2ADEB2B200E0E4C8 /* Practice */,
				6C2E887A2ADEB2B200E0E4C8 /* Products */,
			);
			sourceTree = "<group>";
		};
		6C2E887A2ADEB2B200E0E4C8 /* Products */ = {
			isa = PBXGroup;
			children = (
				6C2E88792ADEB2B200E0E4C8 /* Practice */,
			);
			name = Products;
			sourceTree = "<group>";
		};
		6C2E887B2ADEB2B200E0E4C8 /* Practice */ = {
			isa = PBXGroup;
			children = (
				6C2E88892ADEB36500E0E4C8 /* 4_age.swift */,
				6C2E888B2ADEB40500E0E4C8 /* 1_minus.swift */,
				6C2E888C2ADEB40500E0E4C8 /* 2_multiplication.swift */,
				6C2E888D2ADEB40500E0E4C8 /* 3_quotient.swift */,
				6C2E88912ADFB4B400E0E4C8 /* 5_compare.swift */,
				6C2E88932ADFB9D900E0E4C8 /* 6_plus.swift */,
				6C2E88952ADFBB8300E0E4C8 /* 7_division.swift */,
				6C2E88972ADFC11200E0E4C8 /* 8_angle.swift */,
				6C2E88992ADFC38F00E0E4C8 /* 9_plusEven.swift */,
				6C2E889B2ADFC9B700E0E4C8 /* 10_arrayAverage.swift */,
				6C2E889D2ADFD50800E0E4C8 /* 11_oddEven.swift */,
				6C8164782ADFF6110054ACE5 /* 12_arrAver.swift */,
				6C81647A2ADFFC9E0054ACE5 /* 13_deco.swift */,
				6C81647C2AE141EB0054ACE5 /* 14_divisor.swift */,
				6C81647E2AE151B10054ACE5 /* 15_remainder.swift */,
				6C8164802AE28C860054ACE5 /* 16_arithmeticProgression.swift */,
				6C8164832AE294CA0054ACE5 /* 17_reverse.swift */,
				6CDFA47A2AE909AB0015EB4A /* 18_casting.swift */,
				6CDFA47C2AE9358D0015EB4A /* 19_squareRoot.swift */,
				6CDFA47E2AE937C20015EB4A /* 20_descendingPowers.swift */,
				6CDFA4802AEA565F0015EB4A /* 21_hashard.swift */,
				6CDFA4822AEA5A010015EB4A /* 22_sumAtoB.swift */,
				6CDFA4842AEA5EC90015EB4A /* 23_collatz.swift */,
				6C7FC2042AEFCCF800BAF593 /* 24_findKim.swift */,
				6C7FC2062AEFCF3F00BAF593 /* 25_arrayDivisor.swift */,
				6C7FC2082AF25DA300BAF593 /* 26_sumArray.swift */,
				6C7FC20A2AF262C500BAF593 /* 27_hideNumber.swift */,
				6C7FC20C2AF26D2100BAF593 /* 28_sumEmptyNumber.swift */,
				6C7FC20E2AF26FEB00BAF593 /* 29_removeLowNumber.swift */,
				6C7FC2102AF4F5FD00BAF593 /* 30_middleWord.swift */,
				6C1795BB2AF8E0D50010449F /* 31_repetition.swift */,
				6C3CF6D92AFA505300FE4988 /* 32_inner product.swift */,
				6C3CF6DB2AFBA32700FE4988 /* 33_divisorSum.swift */,
				6C3CF6DD2AFCF33200FE4988 /* 34_sortedString.swift */,
				6C3CF6DF2AFCF52F00FE4988 /* 35_price.swift */,
				6C9B47A12B0B76070025C052 /* 36_isNumbers.swift */,
				6CF85C312B0CCED600D337A3 /* 37_sumMatrix.swift */,
				6CC799712B0E1DEF0065A751 /* 38_printRectangle.swift */,
				6C722CCB2B0F5E3B008DB15B /* 39_CommonFactorMultiple.swift */,
				6C5F383E2B1504020028B793 /* 41_changeUpperCase.swift */,
				6C5F38402B1504690028B793 /* 40_changeBinary.swift */,
				6C0598A42B175DA9007FB653 /* 42_trio.swift */,
				6C25DCF92B19914C0038137D /* 43_compare_otherNumber.swift */,
				6CC5F71E2B2A4C1600BF6730 /* 44_makeWallet.swift */,
				6C3CB6572B2A802A00A27A43 /* 45_caesarCipher.swift */,
				6C5A06082B34A72A00A82A2E /* 46_StringToInt.swift */,
				6C5A060A2B35B3BB00A82A2E /* main.swift */,
			);
			path = Practice;
			sourceTree = "<group>";
		};
/* End PBXGroup section */

/* Begin PBXNativeTarget section */
		6C2E88782ADEB2B200E0E4C8 /* Practice */ = {
			isa = PBXNativeTarget;
			buildConfigurationList = 6C2E88802ADEB2B200E0E4C8 /* Build configuration list for PBXNativeTarget "Practice" */;
			buildPhases = (
				6C2E88752ADEB2B200E0E4C8 /* Sources */,
				6C2E88762ADEB2B200E0E4C8 /* Frameworks */,
				6C2E88772ADEB2B200E0E4C8 /* CopyFiles */,
			);
			buildRules = (
			);
			dependencies = (
			);
			name = Practice;
			productName = Practice;
			productReference = 6C2E88792ADEB2B200E0E4C8 /* Practice */;
			productType = "com.apple.product-type.tool";
		};
/* End PBXNativeTarget section */

/* Begin PBXProject section */
		6C2E88712ADEB2B200E0E4C8 /* Project object */ = {
			isa = PBXProject;
			attributes = {
				BuildIndependentTargetsInParallel = 1;
				LastSwiftUpdateCheck = 1500;
				LastUpgradeCheck = 1500;
				TargetAttributes = {
					6C2E88782ADEB2B200E0E4C8 = {
						CreatedOnToolsVersion = 15.0;
						LastSwiftMigration = 1510;
					};
				};
			};
			buildConfigurationList = 6C2E88742ADEB2B200E0E4C8 /* Build configuration list for PBXProject "Practice" */;
			compatibilityVersion = "Xcode 14.0";
			developmentRegion = en;
			hasScannedForEncodings = 0;
			knownRegions = (
				en,
				Base,
			);
			mainGroup = 6C2E88702ADEB2B200E0E4C8;
			productRefGroup = 6C2E887A2ADEB2B200E0E4C8 /* Products */;
			projectDirPath = "";
			projectRoot = "";
			targets = (
				6C2E88782ADEB2B200E0E4C8 /* Practice */,
			);
		};
/* End PBXProject section */

/* Begin PBXSourcesBuildPhase section */
		6C2E88752ADEB2B200E0E4C8 /* Sources */ = {
			isa = PBXSourcesBuildPhase;
			buildActionMask = 2147483647;
			files = (
				6C5A060B2B35B3BB00A82A2E /* main.swift in Sources */,
			);
			runOnlyForDeploymentPostprocessing = 0;
		};
/* End PBXSourcesBuildPhase section */

/* Begin XCBuildConfiguration section */
		6C2E887E2ADEB2B200E0E4C8 /* Debug */ = {
			isa = XCBuildConfiguration;
			buildSettings = {
				ALWAYS_SEARCH_USER_PATHS = NO;
				ASSETCATALOG_COMPILER_GENERATE_SWIFT_ASSET_SYMBOL_EXTENSIONS = YES;
				CLANG_ANALYZER_NONNULL = YES;
				CLANG_ANALYZER_NUMBER_OBJECT_CONVERSION = YES_AGGRESSIVE;
				CLANG_CXX_LANGUAGE_STANDARD = "gnu++20";
				CLANG_ENABLE_MODULES = YES;
				CLANG_ENABLE_OBJC_ARC = YES;
				CLANG_ENABLE_OBJC_WEAK = YES;
				CLANG_WARN_BLOCK_CAPTURE_AUTORELEASING = YES;
				CLANG_WARN_BOOL_CONVERSION = YES;
				CLANG_WARN_COMMA = YES;
				CLANG_WARN_CONSTANT_CONVERSION = YES;
				CLANG_WARN_DEPRECATED_OBJC_IMPLEMENTATIONS = YES;
				CLANG_WARN_DIRECT_OBJC_ISA_USAGE = YES_ERROR;
				CLANG_WARN_DOCUMENTATION_COMMENTS = YES;
				CLANG_WARN_EMPTY_BODY = YES;
				CLANG_WARN_ENUM_CONVERSION = YES;
				CLANG_WARN_INFINITE_RECURSION = YES;
				CLANG_WARN_INT_CONVERSION = YES;
				CLANG_WARN_NON_LITERAL_NULL_CONVERSION = YES;
				CLANG_WARN_OBJC_IMPLICIT_RETAIN_SELF = YES;
				CLANG_WARN_OBJC_LITERAL_CONVERSION = YES;
				CLANG_WARN_OBJC_ROOT_CLASS = YES_ERROR;
				CLANG_WARN_QUOTED_INCLUDE_IN_FRAMEWORK_HEADER = YES;
				CLANG_WARN_RANGE_LOOP_ANALYSIS = YES;
				CLANG_WARN_STRICT_PROTOTYPES = YES;
				CLANG_WARN_SUSPICIOUS_MOVE = YES;
				CLANG_WARN_UNGUARDED_AVAILABILITY = YES_AGGRESSIVE;
				CLANG_WARN_UNREACHABLE_CODE = YES;
				CLANG_WARN__DUPLICATE_METHOD_MATCH = YES;
				COPY_PHASE_STRIP = NO;
				DEBUG_INFORMATION_FORMAT = dwarf;
				ENABLE_STRICT_OBJC_MSGSEND = YES;
				ENABLE_TESTABILITY = YES;
				ENABLE_USER_SCRIPT_SANDBOXING = YES;
				GCC_C_LANGUAGE_STANDARD = gnu17;
				GCC_DYNAMIC_NO_PIC = NO;
				GCC_NO_COMMON_BLOCKS = YES;
				GCC_OPTIMIZATION_LEVEL = 0;
				GCC_PREPROCESSOR_DEFINITIONS = (
					"DEBUG=1",
					"$(inherited)",
				);
				GCC_WARN_64_TO_32_BIT_CONVERSION = YES;
				GCC_WARN_ABOUT_RETURN_TYPE = YES_ERROR;
				GCC_WARN_UNDECLARED_SELECTOR = YES;
				GCC_WARN_UNINITIALIZED_AUTOS = YES_AGGRESSIVE;
				GCC_WARN_UNUSED_FUNCTION = YES;
				GCC_WARN_UNUSED_VARIABLE = YES;
				LOCALIZATION_PREFERS_STRING_CATALOGS = YES;
				MACOSX_DEPLOYMENT_TARGET = 14.0;
				MTL_ENABLE_DEBUG_INFO = INCLUDE_SOURCE;
				MTL_FAST_MATH = YES;
				ONLY_ACTIVE_ARCH = YES;
				SDKROOT = macosx;
				SWIFT_ACTIVE_COMPILATION_CONDITIONS = "DEBUG $(inherited)";
				SWIFT_OPTIMIZATION_LEVEL = "-Onone";
			};
			name = Debug;
		};
		6C2E887F2ADEB2B200E0E4C8 /* Release */ = {
			isa = XCBuildConfiguration;
			buildSettings = {
				ALWAYS_SEARCH_USER_PATHS = NO;
				ASSETCATALOG_COMPILER_GENERATE_SWIFT_ASSET_SYMBOL_EXTENSIONS = YES;
				CLANG_ANALYZER_NONNULL = YES;
				CLANG_ANALYZER_NUMBER_OBJECT_CONVERSION = YES_AGGRESSIVE;
				CLANG_CXX_LANGUAGE_STANDARD = "gnu++20";
				CLANG_ENABLE_MODULES = YES;
				CLANG_ENABLE_OBJC_ARC = YES;
				CLANG_ENABLE_OBJC_WEAK = YES;
				CLANG_WARN_BLOCK_CAPTURE_AUTORELEASING = YES;
				CLANG_WARN_BOOL_CONVERSION = YES;
				CLANG_WARN_COMMA = YES;
				CLANG_WARN_CONSTANT_CONVERSION = YES;
				CLANG_WARN_DEPRECATED_OBJC_IMPLEMENTATIONS = YES;
				CLANG_WARN_DIRECT_OBJC_ISA_USAGE = YES_ERROR;
				CLANG_WARN_DOCUMENTATION_COMMENTS = YES;
				CLANG_WARN_EMPTY_BODY = YES;
				CLANG_WARN_ENUM_CONVERSION = YES;
				CLANG_WARN_INFINITE_RECURSION = YES;
				CLANG_WARN_INT_CONVERSION = YES;
				CLANG_WARN_NON_LITERAL_NULL_CONVERSION = YES;
				CLANG_WARN_OBJC_IMPLICIT_RETAIN_SELF = YES;
				CLANG_WARN_OBJC_LITERAL_CONVERSION = YES;
				CLANG_WARN_OBJC_ROOT_CLASS = YES_ERROR;
				CLANG_WARN_QUOTED_INCLUDE_IN_FRAMEWORK_HEADER = YES;
				CLANG_WARN_RANGE_LOOP_ANALYSIS = YES;
				CLANG_WARN_STRICT_PROTOTYPES = YES;
				CLANG_WARN_SUSPICIOUS_MOVE = YES;
				CLANG_WARN_UNGUARDED_AVAILABILITY = YES_AGGRESSIVE;
				CLANG_WARN_UNREACHABLE_CODE = YES;
				CLANG_WARN__DUPLICATE_METHOD_MATCH = YES;
				COPY_PHASE_STRIP = NO;
				DEBUG_INFORMATION_FORMAT = "dwarf-with-dsym";
				ENABLE_NS_ASSERTIONS = NO;
				ENABLE_STRICT_OBJC_MSGSEND = YES;
				ENABLE_USER_SCRIPT_SANDBOXING = YES;
				GCC_C_LANGUAGE_STANDARD = gnu17;
				GCC_NO_COMMON_BLOCKS = YES;
				GCC_WARN_64_TO_32_BIT_CONVERSION = YES;
				GCC_WARN_ABOUT_RETURN_TYPE = YES_ERROR;
				GCC_WARN_UNDECLARED_SELECTOR = YES;
				GCC_WARN_UNINITIALIZED_AUTOS = YES_AGGRESSIVE;
				GCC_WARN_UNUSED_FUNCTION = YES;
				GCC_WARN_UNUSED_VARIABLE = YES;
				LOCALIZATION_PREFERS_STRING_CATALOGS = YES;
				MACOSX_DEPLOYMENT_TARGET = 14.0;
				MTL_ENABLE_DEBUG_INFO = NO;
				MTL_FAST_MATH = YES;
				SDKROOT = macosx;
				SWIFT_COMPILATION_MODE = wholemodule;
			};
			name = Release;
		};
		6C2E88812ADEB2B200E0E4C8 /* Debug */ = {
			isa = XCBuildConfiguration;
			buildSettings = {
				CLANG_ENABLE_MODULES = YES;
				CODE_SIGN_STYLE = Automatic;
				PRODUCT_NAME = "$(TARGET_NAME)";
				SWIFT_OPTIMIZATION_LEVEL = "-Onone";
				SWIFT_VERSION = 5.0;
			};
			name = Debug;
		};
		6C2E88822ADEB2B200E0E4C8 /* Release */ = {
			isa = XCBuildConfiguration;
			buildSettings = {
				CLANG_ENABLE_MODULES = YES;
				CODE_SIGN_STYLE = Automatic;
				PRODUCT_NAME = "$(TARGET_NAME)";
				SWIFT_VERSION = 5.0;
			};
			name = Release;
		};
/* End XCBuildConfiguration section */

/* Begin XCConfigurationList section */
		6C2E88742ADEB2B200E0E4C8 /* Build configuration list for PBXProject "Practice" */ = {
			isa = XCConfigurationList;
			buildConfigurations = (
				6C2E887E2ADEB2B200E0E4C8 /* Debug */,
				6C2E887F2ADEB2B200E0E4C8 /* Release */,
			);
			defaultConfigurationIsVisible = 0;
			defaultConfigurationName = Release;
		};
		6C2E88802ADEB2B200E0E4C8 /* Build configuration list for PBXNativeTarget "Practice" */ = {
			isa = XCConfigurationList;
			buildConfigurations = (
				6C2E88812ADEB2B200E0E4C8 /* Debug */,
				6C2E88822ADEB2B200E0E4C8 /* Release */,
			);
			defaultConfigurationIsVisible = 0;
			defaultConfigurationName = Release;
		};
/* End XCConfigurationList section */
	};
	rootObject = 6C2E88712ADEB2B200E0E4C8 /* Project object */;
}
